// !$*UTF8*$!
{
	archiveVersion = 1;
	classes = {
	};
	objectVersion = 46;
	objects = {

/* Begin PBXBuildFile section */
		5883F0701EB83D1500843B10 /* main.m in Sources */ = {isa = PBXBuildFile; fileRef = 5883F06F1EB83D1500843B10 /* main.m */; };
		5883F0731EB83D1500843B10 /* AppDelegate.m in Sources */ = {isa = PBXBuildFile; fileRef = 5883F0721EB83D1500843B10 /* AppDelegate.m */; };
		5883F0761EB83D1500843B10 /* ViewController.m in Sources */ = {isa = PBXBuildFile; fileRef = 5883F0751EB83D1500843B10 /* ViewController.m */; };
		5883F0791EB83D1500843B10 /* Main.storyboard in Resources */ = {isa = PBXBuildFile; fileRef = 5883F0771EB83D1500843B10 /* Main.storyboard */; };
		5883F07B1EB83D1500843B10 /* Assets.xcassets in Resources */ = {isa = PBXBuildFile; fileRef = 5883F07A1EB83D1500843B10 /* Assets.xcassets */; };
		5883F07E1EB83D1500843B10 /* LaunchScreen.storyboard in Resources */ = {isa = PBXBuildFile; fileRef = 5883F07C1EB83D1500843B10 /* LaunchScreen.storyboard */; };
		5883F0961EB83F4E00843B10 /* UICollectionViewCell+GZHReusable.m in Sources */ = {isa = PBXBuildFile; fileRef = 5883F0891EB83F4D00843B10 /* UICollectionViewCell+GZHReusable.m */; };
		5883F0971EB83F4E00843B10 /* UIColor+GZHExtension.m in Sources */ = {isa = PBXBuildFile; fileRef = 5883F08B1EB83F4D00843B10 /* UIColor+GZHExtension.m */; };
		5883F0981EB83F4E00843B10 /* UIImage+GZHImage.m in Sources */ = {isa = PBXBuildFile; fileRef = 5883F08D1EB83F4D00843B10 /* UIImage+GZHImage.m */; };
		5883F0991EB83F4E00843B10 /* UITableViewCell+GZHReusable.m in Sources */ = {isa = PBXBuildFile; fileRef = 5883F08F1EB83F4D00843B10 /* UITableViewCell+GZHReusable.m */; };
		5883F09A1EB83F4E00843B10 /* UIView+GZHExtension.m in Sources */ = {isa = PBXBuildFile; fileRef = 5883F0911EB83F4D00843B10 /* UIView+GZHExtension.m */; };
		5883F09B1EB83F4E00843B10 /* UIView+GZHFrame.m in Sources */ = {isa = PBXBuildFile; fileRef = 5883F0931EB83F4D00843B10 /* UIView+GZHFrame.m */; };
		5883F09C1EB83F4E00843B10 /* UIView+GZHShape.m in Sources */ = {isa = PBXBuildFile; fileRef = 5883F0951EB83F4D00843B10 /* UIView+GZHShape.m */; };
		5883F09F1EB8441A00843B10 /* UIViewController+GZHCurrentViewController.m in Sources */ = {isa = PBXBuildFile; fileRef = 5883F09E1EB8441A00843B10 /* UIViewController+GZHCurrentViewController.m */; };
		5883F0A21EB848A900843B10 /* UIStoryboard+GZHStoryboard.m in Sources */ = {isa = PBXBuildFile; fileRef = 5883F0A11EB848A900843B10 /* UIStoryboard+GZHStoryboard.m */; };
		5883F0A51EB84A4A00843B10 /* UIColor+GZHHex.m in Sources */ = {isa = PBXBuildFile; fileRef = 5883F0A41EB84A4A00843B10 /* UIColor+GZHHex.m */; };
		6C4BE04A1D5BBE2059BCE648 /* libPods-GZHKitExample.a in Frameworks */ = {isa = PBXBuildFile; fileRef = B52C1727C8384F1F97C0A23D /* libPods-GZHKitExample.a */; };
/* End PBXBuildFile section */

/* Begin PBXFileReference section */
		1387EAF96EBC6217380A4514 /* Pods-GZHKitExample.debug.xcconfig */ = {isa = PBXFileReference; includeInIndex = 1; lastKnownFileType = text.xcconfig; name = "Pods-GZHKitExample.debug.xcconfig"; path = "Pods/Target Support Files/Pods-GZHKitExample/Pods-GZHKitExample.debug.xcconfig"; sourceTree = "<group>"; };
		2A9398A43CFBD1BB8BC307DC /* Pods-GZHKitExample.release.xcconfig */ = {isa = PBXFileReference; includeInIndex = 1; lastKnownFileType = text.xcconfig; name = "Pods-GZHKitExample.release.xcconfig"; path = "Pods/Target Support Files/Pods-GZHKitExample/Pods-GZHKitExample.release.xcconfig"; sourceTree = "<group>"; };
		5883F06B1EB83D1400843B10 /* GZHKitExample.app */ = {isa = PBXFileReference; explicitFileType = wrapper.application; includeInIndex = 0; path = GZHKitExample.app; sourceTree = BUILT_PRODUCTS_DIR; };
		5883F06F1EB83D1500843B10 /* main.m */ = {isa = PBXFileReference; lastKnownFileType = sourcecode.c.objc; path = main.m; sourceTree = "<group>"; };
		5883F0711EB83D1500843B10 /* AppDelegate.h */ = {isa = PBXFileReference; lastKnownFileType = sourcecode.c.h; path = AppDelegate.h; sourceTree = "<group>"; };
		5883F0721EB83D1500843B10 /* AppDelegate.m */ = {isa = PBXFileReference; lastKnownFileType = sourcecode.c.objc; path = AppDelegate.m; sourceTree = "<group>"; };
		5883F0741EB83D1500843B10 /* ViewController.h */ = {isa = PBXFileReference; lastKnownFileType = sourcecode.c.h; path = ViewController.h; sourceTree = "<group>"; };
		5883F0751EB83D1500843B10 /* ViewController.m */ = {isa = PBXFileReference; lastKnownFileType = sourcecode.c.objc; path = ViewController.m; sourceTree = "<group>"; };
		5883F0781EB83D1500843B10 /* Base */ = {isa = PBXFileReference; lastKnownFileType = file.storyboard; name = Base; path = Base.lproj/Main.storyboard; sourceTree = "<group>"; };
		5883F07A1EB83D1500843B10 /* Assets.xcassets */ = {isa = PBXFileReference; lastKnownFileType = folder.assetcatalog; path = Assets.xcassets; sourceTree = "<group>"; };
		5883F07D1EB83D1500843B10 /* Base */ = {isa = PBXFileReference; lastKnownFileType = file.storyboard; name = Base; path = Base.lproj/LaunchScreen.storyboard; sourceTree = "<group>"; };
		5883F07F1EB83D1500843B10 /* Info.plist */ = {isa = PBXFileReference; lastKnownFileType = text.plist.xml; path = Info.plist; sourceTree = "<group>"; };
		5883F0851EB83F3C00843B10 /* GZHKitExample-PrefixHeader.pch */ = {isa = PBXFileReference; fileEncoding = 4; lastKnownFileType = sourcecode.c.h; path = "GZHKitExample-PrefixHeader.pch"; sourceTree = "<group>"; };
		5883F0871EB83F4D00843B10 /* GZHKit.h */ = {isa = PBXFileReference; fileEncoding = 4; lastKnownFileType = sourcecode.c.h; path = GZHKit.h; sourceTree = "<group>"; };
		5883F0881EB83F4D00843B10 /* UICollectionViewCell+GZHReusable.h */ = {isa = PBXFileReference; fileEncoding = 4; lastKnownFileType = sourcecode.c.h; path = "UICollectionViewCell+GZHReusable.h"; sourceTree = "<group>"; };
		5883F0891EB83F4D00843B10 /* UICollectionViewCell+GZHReusable.m */ = {isa = PBXFileReference; fileEncoding = 4; lastKnownFileType = sourcecode.c.objc; path = "UICollectionViewCell+GZHReusable.m"; sourceTree = "<group>"; };
		5883F08A1EB83F4D00843B10 /* UIColor+GZHExtension.h */ = {isa = PBXFileReference; fileEncoding = 4; lastKnownFileType = sourcecode.c.h; path = "UIColor+GZHExtension.h"; sourceTree = "<group>"; };
		5883F08B1EB83F4D00843B10 /* UIColor+GZHExtension.m */ = {isa = PBXFileReference; fileEncoding = 4; lastKnownFileType = sourcecode.c.objc; path = "UIColor+GZHExtension.m"; sourceTree = "<group>"; };
		5883F08C1EB83F4D00843B10 /* UIImage+GZHImage.h */ = {isa = PBXFileReference; fileEncoding = 4; lastKnownFileType = sourcecode.c.h; path = "UIImage+GZHImage.h"; sourceTree = "<group>"; };
		5883F08D1EB83F4D00843B10 /* UIImage+GZHImage.m */ = {isa = PBXFileReference; fileEncoding = 4; lastKnownFileType = sourcecode.c.objc; path = "UIImage+GZHImage.m"; sourceTree = "<group>"; };
		5883F08E1EB83F4D00843B10 /* UITableViewCell+GZHReusable.h */ = {isa = PBXFileReference; fileEncoding = 4; lastKnownFileType = sourcecode.c.h; path = "UITableViewCell+GZHReusable.h"; sourceTree = "<group>"; };
		5883F08F1EB83F4D00843B10 /* UITableViewCell+GZHReusable.m */ = {isa = PBXFileReference; fileEncoding = 4; lastKnownFileType = sourcecode.c.objc; path = "UITableViewCell+GZHReusable.m"; sourceTree = "<group>"; };
		5883F0901EB83F4D00843B10 /* UIView+GZHExtension.h */ = {isa = PBXFileReference; fileEncoding = 4; lastKnownFileType = sourcecode.c.h; path = "UIView+GZHExtension.h"; sourceTree = "<group>"; };
		5883F0911EB83F4D00843B10 /* UIView+GZHExtension.m */ = {isa = PBXFileReference; fileEncoding = 4; lastKnownFileType = sourcecode.c.objc; path = "UIView+GZHExtension.m"; sourceTree = "<group>"; };
		5883F0921EB83F4D00843B10 /* UIView+GZHFrame.h */ = {isa = PBXFileReference; fileEncoding = 4; lastKnownFileType = sourcecode.c.h; path = "UIView+GZHFrame.h"; sourceTree = "<group>"; };
		5883F0931EB83F4D00843B10 /* UIView+GZHFrame.m */ = {isa = PBXFileReference; fileEncoding = 4; lastKnownFileType = sourcecode.c.objc; path = "UIView+GZHFrame.m"; sourceTree = "<group>"; };
		5883F0941EB83F4D00843B10 /* UIView+GZHShape.h */ = {isa = PBXFileReference; fileEncoding = 4; lastKnownFileType = sourcecode.c.h; path = "UIView+GZHShape.h"; sourceTree = "<group>"; };
		5883F0951EB83F4D00843B10 /* UIView+GZHShape.m */ = {isa = PBXFileReference; fileEncoding = 4; lastKnownFileType = sourcecode.c.objc; path = "UIView+GZHShape.m"; sourceTree = "<group>"; };
		5883F09D1EB8441A00843B10 /* UIViewController+GZHCurrentViewController.h */ = {isa = PBXFileReference; fileEncoding = 4; lastKnownFileType = sourcecode.c.h; path = "UIViewController+GZHCurrentViewController.h"; sourceTree = "<group>"; };
		5883F09E1EB8441A00843B10 /* UIViewController+GZHCurrentViewController.m */ = {isa = PBXFileReference; fileEncoding = 4; lastKnownFileType = sourcecode.c.objc; path = "UIViewController+GZHCurrentViewController.m"; sourceTree = "<group>"; };
		5883F0A01EB848A900843B10 /* UIStoryboard+GZHStoryboard.h */ = {isa = PBXFileReference; fileEncoding = 4; lastKnownFileType = sourcecode.c.h; path = "UIStoryboard+GZHStoryboard.h"; sourceTree = "<group>"; };
		5883F0A11EB848A900843B10 /* UIStoryboard+GZHStoryboard.m */ = {isa = PBXFileReference; fileEncoding = 4; lastKnownFileType = sourcecode.c.objc; path = "UIStoryboard+GZHStoryboard.m"; sourceTree = "<group>"; };
		5883F0A31EB84A4A00843B10 /* UIColor+GZHHex.h */ = {isa = PBXFileReference; fileEncoding = 4; lastKnownFileType = sourcecode.c.h; path = "UIColor+GZHHex.h"; sourceTree = "<group>"; };
		5883F0A41EB84A4A00843B10 /* UIColor+GZHHex.m */ = {isa = PBXFileReference; fileEncoding = 4; lastKnownFileType = sourcecode.c.objc; path = "UIColor+GZHHex.m"; sourceTree = "<group>"; };
		B52C1727C8384F1F97C0A23D /* libPods-GZHKitExample.a */ = {isa = PBXFileReference; explicitFileType = archive.ar; includeInIndex = 0; path = "libPods-GZHKitExample.a"; sourceTree = BUILT_PRODUCTS_DIR; };
/* End PBXFileReference section */

/* Begin PBXFrameworksBuildPhase section */
		5883F0681EB83D1400843B10 /* Frameworks */ = {
			isa = PBXFrameworksBuildPhase;
			buildActionMask = 2147483647;
			files = (
				6C4BE04A1D5BBE2059BCE648 /* libPods-GZHKitExample.a in Frameworks */,
			);
			runOnlyForDeploymentPostprocessing = 0;
		};
/* End PBXFrameworksBuildPhase section */

/* Begin PBXGroup section */
		3B19D8014438E26131BDE247 /* Frameworks */ = {
			isa = PBXGroup;
			children = (
				B52C1727C8384F1F97C0A23D /* libPods-GZHKitExample.a */,
			);
			name = Frameworks;
			sourceTree = "<group>";
		};
		5883F0621EB83D1400843B10 = {
			isa = PBXGroup;
			children = (
				5883F06D1EB83D1400843B10 /* GZHKitExample */,
				5883F06C1EB83D1400843B10 /* Products */,
				ECA324190BE8C3F627952663 /* Pods */,
				3B19D8014438E26131BDE247 /* Frameworks */,
			);
			sourceTree = "<group>";
		};
		5883F06C1EB83D1400843B10 /* Products */ = {
			isa = PBXGroup;
			children = (
				5883F06B1EB83D1400843B10 /* GZHKitExample.app */,
			);
			name = Products;
			sourceTree = "<group>";
		};
		5883F06D1EB83D1400843B10 /* GZHKitExample */ = {
			isa = PBXGroup;
			children = (
				5883F0861EB83F4D00843B10 /* GZHKit */,
				5883F0741EB83D1500843B10 /* ViewController.h */,
				5883F0751EB83D1500843B10 /* ViewController.m */,
				5883F0771EB83D1500843B10 /* Main.storyboard */,
				5883F06E1EB83D1500843B10 /* Supporting Files */,
			);
			path = GZHKitExample;
			sourceTree = "<group>";
		};
		5883F06E1EB83D1500843B10 /* Supporting Files */ = {
			isa = PBXGroup;
			children = (
				5883F0851EB83F3C00843B10 /* GZHKitExample-PrefixHeader.pch */,
				5883F0711EB83D1500843B10 /* AppDelegate.h */,
				5883F0721EB83D1500843B10 /* AppDelegate.m */,
				5883F07A1EB83D1500843B10 /* Assets.xcassets */,
				5883F07C1EB83D1500843B10 /* LaunchScreen.storyboard */,
				5883F07F1EB83D1500843B10 /* Info.plist */,
				5883F06F1EB83D1500843B10 /* main.m */,
			);
			name = "Supporting Files";
			sourceTree = "<group>";
		};
		5883F0861EB83F4D00843B10 /* GZHKit */ = {
			isa = PBXGroup;
			children = (
				5883F0871EB83F4D00843B10 /* GZHKit.h */,
				5883F0881EB83F4D00843B10 /* UICollectionViewCell+GZHReusable.h */,
				5883F0891EB83F4D00843B10 /* UICollectionViewCell+GZHReusable.m */,
				5883F08A1EB83F4D00843B10 /* UIColor+GZHExtension.h */,
				5883F08B1EB83F4D00843B10 /* UIColor+GZHExtension.m */,
				5883F0A31EB84A4A00843B10 /* UIColor+GZHHex.h */,
				5883F0A41EB84A4A00843B10 /* UIColor+GZHHex.m */,
				5883F08C1EB83F4D00843B10 /* UIImage+GZHImage.h */,
				5883F08D1EB83F4D00843B10 /* UIImage+GZHImage.m */,
				5883F0A01EB848A900843B10 /* UIStoryboard+GZHStoryboard.h */,
				5883F0A11EB848A900843B10 /* UIStoryboard+GZHStoryboard.m */,
				5883F08E1EB83F4D00843B10 /* UITableViewCell+GZHReusable.h */,
				5883F08F1EB83F4D00843B10 /* UITableViewCell+GZHReusable.m */,
				5883F0901EB83F4D00843B10 /* UIView+GZHExtension.h */,
				5883F0911EB83F4D00843B10 /* UIView+GZHExtension.m */,
				5883F0921EB83F4D00843B10 /* UIView+GZHFrame.h */,
				5883F0931EB83F4D00843B10 /* UIView+GZHFrame.m */,
				5883F0941EB83F4D00843B10 /* UIView+GZHShape.h */,
				5883F0951EB83F4D00843B10 /* UIView+GZHShape.m */,
				5883F09D1EB8441A00843B10 /* UIViewController+GZHCurrentViewController.h */,
				5883F09E1EB8441A00843B10 /* UIViewController+GZHCurrentViewController.m */,
			);
			path = GZHKit;
			sourceTree = "<group>";
		};
		ECA324190BE8C3F627952663 /* Pods */ = {
			isa = PBXGroup;
			children = (
				1387EAF96EBC6217380A4514 /* Pods-GZHKitExample.debug.xcconfig */,
				2A9398A43CFBD1BB8BC307DC /* Pods-GZHKitExample.release.xcconfig */,
			);
			name = Pods;
			sourceTree = "<group>";
		};
/* End PBXGroup section */

/* Begin PBXNativeTarget section */
		5883F06A1EB83D1400843B10 /* GZHKitExample */ = {
			isa = PBXNativeTarget;
			buildConfigurationList = 5883F0821EB83D1500843B10 /* Build configuration list for PBXNativeTarget "GZHKitExample" */;
			buildPhases = (
				A3E252999AA0BC464CC16509 /* [CP] Check Pods Manifest.lock */,
				5883F0671EB83D1400843B10 /* Sources */,
				5883F0681EB83D1400843B10 /* Frameworks */,
				5883F0691EB83D1400843B10 /* Resources */,
				607F835D6C921CDE95420239 /* [CP] Embed Pods Frameworks */,
				64BDC186C4AD928835B359F9 /* [CP] Copy Pods Resources */,
			);
			buildRules = (
			);
			dependencies = (
			);
			name = GZHKitExample;
			productName = GZHKitExample;
			productReference = 5883F06B1EB83D1400843B10 /* GZHKitExample.app */;
			productType = "com.apple.product-type.application";
		};
/* End PBXNativeTarget section */

/* Begin PBXProject section */
		5883F0631EB83D1400843B10 /* Project object */ = {
			isa = PBXProject;
			attributes = {
				LastUpgradeCheck = 0830;
				ORGANIZATIONNAME = "顾振华";
				TargetAttributes = {
					5883F06A1EB83D1400843B10 = {
						CreatedOnToolsVersion = 8.3.1;
						DevelopmentTeam = QX529Y9PWR;
						ProvisioningStyle = Automatic;
					};
				};
			};
			buildConfigurationList = 5883F0661EB83D1400843B10 /* Build configuration list for PBXProject "GZHKitExample" */;
			compatibilityVersion = "Xcode 3.2";
			developmentRegion = English;
			hasScannedForEncodings = 0;
			knownRegions = (
				en,
				Base,
			);
			mainGroup = 5883F0621EB83D1400843B10;
			productRefGroup = 5883F06C1EB83D1400843B10 /* Products */;
			projectDirPath = "";
			projectRoot = "";
			targets = (
				5883F06A1EB83D1400843B10 /* GZHKitExample */,
			);
		};
/* End PBXProject section */

/* Begin PBXResourcesBuildPhase section */
		5883F0691EB83D1400843B10 /* Resources */ = {
			isa = PBXResourcesBuildPhase;
			buildActionMask = 2147483647;
			files = (
				5883F07E1EB83D1500843B10 /* LaunchScreen.storyboard in Resources */,
				5883F07B1EB83D1500843B10 /* Assets.xcassets in Resources */,
				5883F0791EB83D1500843B10 /* Main.storyboard in Resources */,
			);
			runOnlyForDeploymentPostprocessing = 0;
		};
/* End PBXResourcesBuildPhase section */

/* Begin PBXShellScriptBuildPhase section */
		607F835D6C921CDE95420239 /* [CP] Embed Pods Frameworks */ = {
			isa = PBXShellScriptBuildPhase;
			buildActionMask = 2147483647;
			files = (
			);
			inputPaths = (
			);
			name = "[CP] Embed Pods Frameworks";
			outputPaths = (
			);
			runOnlyForDeploymentPostprocessing = 0;
			shellPath = /bin/sh;
			shellScript = "\"${SRCROOT}/Pods/Target Support Files/Pods-GZHKitExample/Pods-GZHKitExample-frameworks.sh\"\n";
			showEnvVarsInLog = 0;
		};
		64BDC186C4AD928835B359F9 /* [CP] Copy Pods Resources */ = {
			isa = PBXShellScriptBuildPhase;
			buildActionMask = 2147483647;
			files = (
			);
			inputPaths = (
			);
			name = "[CP] Copy Pods Resources";
			outputPaths = (
			);
			runOnlyForDeploymentPostprocessing = 0;
			shellPath = /bin/sh;
			shellScript = "\"${SRCROOT}/Pods/Target Support Files/Pods-GZHKitExample/Pods-GZHKitExample-resources.sh\"\n";
			showEnvVarsInLog = 0;
		};
		A3E252999AA0BC464CC16509 /* [CP] Check Pods Manifest.lock */ = {
			isa = PBXShellScriptBuildPhase;
			buildActionMask = 2147483647;
			files = (
			);
			inputPaths = (
			);
			name = "[CP] Check Pods Manifest.lock";
			outputPaths = (
			);
			runOnlyForDeploymentPostprocessing = 0;
			shellPath = /bin/sh;
			shellScript = "diff \"${PODS_ROOT}/../Podfile.lock\" \"${PODS_ROOT}/Manifest.lock\" > /dev/null\nif [ $? != 0 ] ; then\n    # print error to STDERR\n    echo \"error: The sandbox is not in sync with the Podfile.lock. Run 'pod install' or update your CocoaPods installation.\" >&2\n    exit 1\nfi\n";
			showEnvVarsInLog = 0;
		};
/* End PBXShellScriptBuildPhase section */

/* Begin PBXSourcesBuildPhase section */
		5883F0671EB83D1400843B10 /* Sources */ = {
			isa = PBXSourcesBuildPhase;
			buildActionMask = 2147483647;
			files = (
				5883F09C1EB83F4E00843B10 /* UIView+GZHShape.m in Sources */,
				5883F0761EB83D1500843B10 /* ViewController.m in Sources */,
				5883F0971EB83F4E00843B10 /* UIColor+GZHExtension.m in Sources */,
				5883F0A51EB84A4A00843B10 /* UIColor+GZHHex.m in Sources */,
				5883F0A21EB848A900843B10 /* UIStoryboard+GZHStoryboard.m in Sources */,
				5883F09A1EB83F4E00843B10 /* UIView+GZHExtension.m in Sources */,
				5883F0991EB83F4E00843B10 /* UITableViewCell+GZHReusable.m in Sources */,
				5883F0961EB83F4E00843B10 /* UICollectionViewCell+GZHReusable.m in Sources */,
				5883F09B1EB83F4E00843B10 /* UIView+GZHFrame.m in Sources */,
				5883F0731EB83D1500843B10 /* AppDelegate.m in Sources */,
				5883F0701EB83D1500843B10 /* main.m in Sources */,
				5883F0981EB83F4E00843B10 /* UIImage+GZHImage.m in Sources */,
				5883F09F1EB8441A00843B10 /* UIViewController+GZHCurrentViewController.m in Sources */,
			);
			runOnlyForDeploymentPostprocessing = 0;
		};
/* End PBXSourcesBuildPhase section */

/* Begin PBXVariantGroup section */
		5883F0771EB83D1500843B10 /* Main.storyboard */ = {
			isa = PBXVariantGroup;
			children = (
				5883F0781EB83D1500843B10 /* Base */,
			);
			name = Main.storyboard;
			sourceTree = "<group>";
		};
		5883F07C1EB83D1500843B10 /* LaunchScreen.storyboard */ = {
			isa = PBXVariantGroup;
			children = (
				5883F07D1EB83D1500843B10 /* Base */,
			);
			name = LaunchScreen.storyboard;
			sourceTree = "<group>";
		};
/* End PBXVariantGroup section */

/* Begin XCBuildConfiguration section */
		5883F0801EB83D1500843B10 /* Debug */ = {
			isa = XCBuildConfiguration;
			buildSettings = {
				ALWAYS_SEARCH_USER_PATHS = NO;
				CLANG_ANALYZER_NONNULL = YES;
				CLANG_ANALYZER_NUMBER_OBJECT_CONVERSION = YES_AGGRESSIVE;
				CLANG_CXX_LANGUAGE_STANDARD = "gnu++0x";
				CLANG_CXX_LIBRARY = "libc++";
				CLANG_ENABLE_MODULES = YES;
				CLANG_ENABLE_OBJC_ARC = YES;
				CLANG_WARN_BOOL_CONVERSION = YES;
				CLANG_WARN_CONSTANT_CONVERSION = YES;
				CLANG_WARN_DIRECT_OBJC_ISA_USAGE = YES_ERROR;
				CLANG_WARN_DOCUMENTATION_COMMENTS = YES;
				CLANG_WARN_EMPTY_BODY = YES;
				CLANG_WARN_ENUM_CONVERSION = YES;
				CLANG_WARN_INFINITE_RECURSION = YES;
				CLANG_WARN_INT_CONVERSION = YES;
				CLANG_WARN_OBJC_ROOT_CLASS = YES_ERROR;
				CLANG_WARN_SUSPICIOUS_MOVE = YES;
				CLANG_WARN_UNREACHABLE_CODE = YES;
				CLANG_WARN__DUPLICATE_METHOD_MATCH = YES;
				"CODE_SIGN_IDENTITY[sdk=iphoneos*]" = "iPhone Developer";
				COPY_PHASE_STRIP = NO;
				DEBUG_INFORMATION_FORMAT = dwarf;
				ENABLE_STRICT_OBJC_MSGSEND = YES;
				ENABLE_TESTABILITY = YES;
				GCC_C_LANGUAGE_STANDARD = gnu99;
				GCC_DYNAMIC_NO_PIC = NO;
				GCC_NO_COMMON_BLOCKS = YES;
				GCC_OPTIMIZATION_LEVEL = 0;
				GCC_PREPROCESSOR_DEFINITIONS = (
					"DEBUG=1",
					"$(inherited)",
				);
				GCC_WARN_64_TO_32_BIT_CONVERSION = YES;
				GCC_WARN_ABOUT_RETURN_TYPE = YES_ERROR;
				GCC_WARN_UNDECLARED_SELECTOR = YES;
				GCC_WARN_UNINITIALIZED_AUTOS = YES_AGGRESSIVE;
				GCC_WARN_UNUSED_FUNCTION = YES;
				GCC_WARN_UNUSED_VARIABLE = YES;
				IPHONEOS_DEPLOYMENT_TARGET = 10.3;
				MTL_ENABLE_DEBUG_INFO = YES;
				ONLY_ACTIVE_ARCH = YES;
				SDKROOT = iphoneos;
			};
			name = Debug;
		};
		5883F0811EB83D1500843B10 /* Release */ = {
			isa = XCBuildConfiguration;
			buildSettings = {
				ALWAYS_SEARCH_USER_PATHS = NO;
				CLANG_ANALYZER_NONNULL = YES;
				CLANG_ANALYZER_NUMBER_OBJECT_CONVERSION = YES_AGGRESSIVE;
				CLANG_CXX_LANGUAGE_STANDARD = "gnu++0x";
				CLANG_CXX_LIBRARY = "libc++";
				CLANG_ENABLE_MODULES = YES;
				CLANG_ENABLE_OBJC_ARC = YES;
				CLANG_WARN_BOOL_CONVERSION = YES;
				CLANG_WARN_CONSTANT_CONVERSION = YES;
				CLANG_WARN_DIRECT_OBJC_ISA_USAGE = YES_ERROR;
				CLANG_WARN_DOCUMENTATION_COMMENTS = YES;
				CLANG_WARN_EMPTY_BODY = YES;
				CLANG_WARN_ENUM_CONVERSION = YES;
				CLANG_WARN_INFINITE_RECURSION = YES;
				CLANG_WARN_INT_CONVERSION = YES;
				CLANG_WARN_OBJC_ROOT_CLASS = YES_ERROR;
				CLANG_WARN_SUSPICIOUS_MOVE = YES;
				CLANG_WARN_UNREACHABLE_CODE = YES;
				CLANG_WARN__DUPLICATE_METHOD_MATCH = YES;
				"CODE_SIGN_IDENTITY[sdk=iphoneos*]" = "iPhone Developer";
				COPY_PHASE_STRIP = NO;
				DEBUG_INFORMATION_FORMAT = "dwarf-with-dsym";
				ENABLE_NS_ASSERTIONS = NO;
				ENABLE_STRICT_OBJC_MSGSEND = YES;
				GCC_C_LANGUAGE_STANDARD = gnu99;
				GCC_NO_COMMON_BLOCKS = YES;
				GCC_WARN_64_TO_32_BIT_CONVERSION = YES;
				GCC_WARN_ABOUT_RETURN_TYPE = YES_ERROR;
				GCC_WARN_UNDECLARED_SELECTOR = YES;
				GCC_WARN_UNINITIALIZED_AUTOS = YES_AGGRESSIVE;
				GCC_WARN_UNUSED_FUNCTION = YES;
				GCC_WARN_UNUSED_VARIABLE = YES;
				IPHONEOS_DEPLOYMENT_TARGET = 10.3;
				MTL_ENABLE_DEBUG_INFO = NO;
				SDKROOT = iphoneos;
				VALIDATE_PRODUCT = YES;
			};
			name = Release;
		};
		5883F0831EB83D1500843B10 /* Debug */ = {
			isa = XCBuildConfiguration;
			baseConfigurationReference = 1387EAF96EBC6217380A4514 /* Pods-GZHKitExample.debug.xcconfig */;
			buildSettings = {
				ASSETCATALOG_COMPILER_APPICON_NAME = AppIcon;
				DEVELOPMENT_TEAM = QX529Y9PWR;
				GCC_PRECOMPILE_PREFIX_HEADER = YES;
				GCC_PREFIX_HEADER = "$(SRCROOT)/GZHKitExample/GZHKitExample-PrefixHeader.pch";
				INFOPLIST_FILE = GZHKitExample/Info.plist;
				LD_RUNPATH_SEARCH_PATHS = "$(inherited) @executable_path/Frameworks";
				PRODUCT_BUNDLE_IDENTIFIER = vic.GZHKitExample;
				PRODUCT_NAME = "$(TARGET_NAME)";
			};
			name = Debug;
		};
		5883F0841EB83D1500843B10 /* Release */ = {
			isa = XCBuildConfiguration;
			baseConfigurationReference = 2A9398A43CFBD1BB8BC307DC /* Pods-GZHKitExample.release.xcconfig */;
			buildSettings = {
				ASSETCATALOG_COMPILER_APPICON_NAME = AppIcon;
				DEVELOPMENT_TEAM = QX529Y9PWR;
				GCC_PRECOMPILE_PREFIX_HEADER = YES;
				GCC_PREFIX_HEADER = "$(SRCROOT)/GZHKitExample/GZHKitExample-PrefixHeader.pch";
				INFOPLIST_FILE = GZHKitExample/Info.plist;
				LD_RUNPATH_SEARCH_PATHS = "$(inherited) @executable_path/Frameworks";
				PRODUCT_BUNDLE_IDENTIFIER = vic.GZHKitExample;
				PRODUCT_NAME = "$(TARGET_NAME)";
			};
			name = Release;
		};
/* End XCBuildConfiguration section */

/* Begin XCConfigurationList section */
		5883F0661EB83D1400843B10 /* Build configuration list for PBXProject "GZHKitExample" */ = {
			isa = XCConfigurationList;
			buildConfigurations = (
				5883F0801EB83D1500843B10 /* Debug */,
				5883F0811EB83D1500843B10 /* Release */,
			);
			defaultConfigurationIsVisible = 0;
			defaultConfigurationName = Release;
		};
		5883F0821EB83D1500843B10 /* Build configuration list for PBXNativeTarget "GZHKitExample" */ = {
			isa = XCConfigurationList;
			buildConfigurations = (
				5883F0831EB83D1500843B10 /* Debug */,
				5883F0841EB83D1500843B10 /* Release */,
			);
			defaultConfigurationIsVisible = 0;
			defaultConfigurationName = Release;
		};
/* End XCConfigurationList section */
	};
	rootObject = 5883F0631EB83D1400843B10 /* Project object */;
}
